
Microsoft Visual Studio Solution File, Format Version 12.00
# Visual Studio 15
VisualStudioVersion = 15.0.28307.572
MinimumVisualStudioVersion = 10.0.40219.1
Project("{FAE04EC0-301F-11D3-BF4B-00C04F79EFBC}") = "HappyMrsChicken", "HappyMrsChicken\HappyMrsChicken.csproj", "{9CDBF1B7-6A4C-420D-9041-3CD1C24A5E6A}"
EndProject
Global
	GlobalSection(SolutionConfigurationPlatforms) = preSolution
		Debug|x86 = Debug|x86
		Release|x86 = Release|x86
	EndGlobalSection
	GlobalSection(ProjectConfigurationPlatforms) = postSolution
		{9CDBF1B7-6A4C-420D-9041-3CD1C24A5E6A}.Debug|x86.ActiveCfg = Debug|x86
		{9CDBF1B7-6A4C-420D-9041-3CD1C24A5E6A}.Debug|x86.Build.0 = Debug|x86
		{9CDBF1B7-6A4C-420D-9041-3CD1C24A5E6A}.Release|x86.ActiveCfg = Release|x86
		{9CDBF1B7-6A4C-420D-9041-3CD1C24A5E6A}.Release|x86.Build.0 = Release|x86
	EndGlobalSection
	GlobalSection(SolutionProperties) = preSolution
		HideSolutionNode = FALSE
	EndGlobalSection
	GlobalSection(ExtensibilityGlobals) = postSolution
		SolutionGuid = {CA386C3C-5340-42A5-9AFD-26390DECF5B6}
	EndGlobalSection
EndGlobal
